
Microsoft Visual Studio Solution File, Format Version 12.00
# Visual Studio Version 17
VisualStudioVersion = 17.5.33502.453
MinimumVisualStudioVersion = 10.0.40219.1
Project("{FAE04EC0-301F-11D3-BF4B-00C04F79EFBC}") = "DSImplementations", "DSImplementations\DSImplementations.csproj", "{7F8FEE44-4E5E-46EB-A9F0-A51386D9C260}"
	ProjectSection(ProjectDependencies) = postProject
		{536C23DE-0FD2-4DA7-916C-81F8778B2410} = {536C23DE-0FD2-4DA7-916C-81F8778B2410}
	EndProjectSection
EndProject
Project("{FAE04EC0-301F-11D3-BF4B-00C04F79EFBC}") = "AppLoggerLibrary", "AppLoggerLibrary\AppLoggerLibrary.csproj", "{536C23DE-0FD2-4DA7-916C-81F8778B2410}"
EndProject
Global
	GlobalSection(SolutionConfigurationPlatforms) = preSolution
		Debug|Any CPU = Debug|Any CPU
		Release|Any CPU = Release|Any CPU
	EndGlobalSection
	GlobalSection(ProjectConfigurationPlatforms) = postSolution
		{7F8FEE44-4E5E-46EB-A9F0-A51386D9C260}.Debug|Any CPU.ActiveCfg = Debug|Any CPU
		{7F8FEE44-4E5E-46EB-A9F0-A51386D9C260}.Debug|Any CPU.Build.0 = Debug|Any CPU
		{7F8FEE44-4E5E-46EB-A9F0-A51386D9C260}.Release|Any CPU.ActiveCfg = Release|Any CPU
		{7F8FEE44-4E5E-46EB-A9F0-A51386D9C260}.Release|Any CPU.Build.0 = Release|Any CPU
		{536C23DE-0FD2-4DA7-916C-81F8778B2410}.Debug|Any CPU.ActiveCfg = Debug|Any CPU
		{536C23DE-0FD2-4DA7-916C-81F8778B2410}.Debug|Any CPU.Build.0 = Debug|Any CPU
		{536C23DE-0FD2-4DA7-916C-81F8778B2410}.Release|Any CPU.ActiveCfg = Release|Any CPU
		{536C23DE-0FD2-4DA7-916C-81F8778B2410}.Release|Any CPU.Build.0 = Release|Any CPU
	EndGlobalSection
	GlobalSection(SolutionProperties) = preSolution
		HideSolutionNode = FALSE
	EndGlobalSection
	GlobalSection(ExtensibilityGlobals) = postSolution
		SolutionGuid = {41CF8C86-2FE3-4D8E-8FDD-6836C2182153}
	EndGlobalSection
EndGlobal
